github.com/nobishino/gomodules-c v1.0.0 h1:aKCWT5E7CoMv1eDm7uadX1yZggd5qt0OZdn6FIMIqPA=
github.com/nobishino/gomodules-c v1.0.0/go.mod h1:UX5JwH7Pqa3pE2awO3AIJ3Eqhr9nEnq1YaecMAXdzeE=
github.com/nobishino/gomodules-d v1.0.0 h1:m2IQ5F3wTvTO8YYDB+NLJCYBiZEQRcvsJT+Q6Iu/Adk=
github.com/nobishino/gomodules-d v1.0.0/go.mod h1:mwFPJRNt3Dx9YFdyqIEGqKanh9UXqCjktePrhixAVow=
